
Microsoft Visual Studio Solution File, Format Version 12.00
# Visual Studio Version 17
VisualStudioVersion = 17.8.34330.188
MinimumVisualStudioVersion = 10.0.40219.1
Project("{FAE04EC0-301F-11D3-BF4B-00C04F79EFBC}") = "DVLink_Server", "DVLink_Server.csproj", "{05D1C5DC-CFF0-4D2D-AAE9-9BCAB9C4C146}"
EndProject
Global
	GlobalSection(SolutionConfigurationPlatforms) = preSolution
		Debug|Any CPU = Debug|Any CPU
		Release|Any CPU = Release|Any CPU
	EndGlobalSection
	GlobalSection(ProjectConfigurationPlatforms) = postSolution
		{05D1C5DC-CFF0-4D2D-AAE9-9BCAB9C4C146}.Debug|Any CPU.ActiveCfg = Debug|Any CPU
		{05D1C5DC-CFF0-4D2D-AAE9-9BCAB9C4C146}.Debug|Any CPU.Build.0 = Debug|Any CPU
		{05D1C5DC-CFF0-4D2D-AAE9-9BCAB9C4C146}.Release|Any CPU.ActiveCfg = Release|Any CPU
		{05D1C5DC-CFF0-4D2D-AAE9-9BCAB9C4C146}.Release|Any CPU.Build.0 = Release|Any CPU
	EndGlobalSection
	GlobalSection(SolutionProperties) = preSolution
		HideSolutionNode = FALSE
	EndGlobalSection
	GlobalSection(ExtensibilityGlobals) = postSolution
		SolutionGuid = {E1781B4A-837F-498D-B2B3-260FF2008586}
	EndGlobalSection
EndGlobal
